
Microsoft Visual Studio Solution File, Format Version 12.00
# Visual Studio Version 17
VisualStudioVersion = 17.7.34221.43
MinimumVisualStudioVersion = 10.0.40219.1
Project("{FAE04EC0-301F-11D3-BF4B-00C04F79EFBC}") = "ATMapp", "ATMapp\ATMapp.csproj", "{F79B9C41-7BBB-4065-B408-534AD9CA4475}"
EndProject
Global
	GlobalSection(SolutionConfigurationPlatforms) = preSolution
		Debug|Any CPU = Debug|Any CPU
		Release|Any CPU = Release|Any CPU
	EndGlobalSection
	GlobalSection(ProjectConfigurationPlatforms) = postSolution
		{F79B9C41-7BBB-4065-B408-534AD9CA4475}.Debug|Any CPU.ActiveCfg = Debug|Any CPU
		{F79B9C41-7BBB-4065-B408-534AD9CA4475}.Debug|Any CPU.Build.0 = Debug|Any CPU
		{F79B9C41-7BBB-4065-B408-534AD9CA4475}.Release|Any CPU.ActiveCfg = Release|Any CPU
		{F79B9C41-7BBB-4065-B408-534AD9CA4475}.Release|Any CPU.Build.0 = Release|Any CPU
	EndGlobalSection
	GlobalSection(SolutionProperties) = preSolution
		HideSolutionNode = FALSE
	EndGlobalSection
	GlobalSection(ExtensibilityGlobals) = postSolution
		SolutionGuid = {374A19A6-477F-4AB3-9F67-2A8F8C3A184A}
	EndGlobalSection
EndGlobal
